<?xml version="1.0" encoding="utf-8"?>
<Project ToolsVersion="4.0" xmlns="http://schemas.microsoft.com/developer/msbuild/2003">
  <ItemGroup>
    <ClInclude Include="Game.h" />
    <ClInclude Include="MainWindow.h" />
    <ClInclude Include="Components\CameraControls.h">
      <Filter>Components</Filter>
    </ClInclude>
    <ClInclude Include="Components\Grid.h">
      <Filter>Components</Filter>
    </ClInclude>
    <ClInclude Include="Components\Hex.h">
      <Filter>Components</Filter>
    </ClInclude>
    <ClInclude Include="Components\SaveDB.h">
      <Filter>Components</Filter>
    </ClInclude>
    <ClInclude Include="Components\PrefsDB.h">
      <Filter>Components</Filter>
    </ClInclude>
    <ClInclude Include="Components\Generator.h">
      <Filter>Components</Filter>
    </ClInclude>
    <ClInclude Include="States\GameStateController.h">
      <Filter>States</Filter>
    </ClInclude>
    <ClInclude Include="States\MainMenuState.h">
      <Filter>States</Filter>
    </ClInclude>
    <ClInclude Include="States\InGameState.h">
      <Filter>States</Filter>
    </ClInclude>
    <ClInclude Include="States\NewGameCreationState.h">
      <Filter>States</Filter>
    </ClInclude>
    <ClInclude Include="Components\Log.h">
      <Filter>Components</Filter>
    </ClInclude>
    <ClInclude Include="Components\Gui\LogPanel.h">
      <Filter>Components\Gui</Filter>
    </ClInclude>
    <ClInclude Include="Tests\GameLogSpammer.h">
      <Filter>Tests</Filter>
    </ClInclude>
  </ItemGroup>
  <ItemGroup>
    <ClCompile Include="Main.cpp" />
    <ClCompile Include="MainWindow.cpp" />
    <ClCompile Include="Components\CameraControls.cpp">
      <Filter>Components</Filter>
    </ClCompile>
    <ClCompile Include="Components\Grid.cpp">
      <Filter>Components</Filter>
    </ClCompile>
    <ClCompile Include="Components\Hex.cpp">
      <Filter>Components</Filter>
    </ClCompile>
    <ClCompile Include="Components\SaveDB.cpp">
      <Filter>Components</Filter>
    </ClCompile>
    <ClCompile Include="Components\PrefsDB.cpp">
      <Filter>Components</Filter>
    </ClCompile>
    <ClCompile Include="Components\Generator.cpp">
      <Filter>Components</Filter>
    </ClCompile>
    <ClCompile Include="States\GameStateController.cpp">
      <Filter>States</Filter>
    </ClCompile>
    <ClCompile Include="States\MainMenuState.cpp">
      <Filter>States</Filter>
    </ClCompile>
    <ClCompile Include="States\InGameState.cpp">
      <Filter>States</Filter>
    </ClCompile>
    <ClCompile Include="States\NewGameCreationState.cpp">
      <Filter>States</Filter>
    </ClCompile>
    <ClCompile Include="Components\Log.cpp">
      <Filter>Components</Filter>
    </ClCompile>
    <ClCompile Include="Components\Gui\LogPanel.cpp">
      <Filter>Components\Gui</Filter>
    </ClCompile>
    <ClCompile Include="Tests\GameLogSpammer.cpp">
      <Filter>Tests</Filter>
    </ClCompile>
  </ItemGroup>
  <ItemGroup>
    <Filter Include="Components">
      <UniqueIdentifier>{58affa36-fec0-41f5-a9f8-ae8674d1cc7d}</UniqueIdentifier>
    </Filter>
    <Filter Include="States">
      <UniqueIdentifier>{1478957e-799f-479a-aa0a-f05e402d84fb}</UniqueIdentifier>
    </Filter>
    <Filter Include="Components\Gui">
      <UniqueIdentifier>{a3ad1e3f-e98a-4bc8-969e-95af8f22ce1a}</UniqueIdentifier>
    </Filter>
    <Filter Include="Tests">
      <UniqueIdentifier>{8f571a57-7c24-40ef-bb29-46ea395dc22a}</UniqueIdentifier>
    </Filter>
  </ItemGroup>
</Project>