<?xml version="1.0" encoding="utf-8"?>
<Project ToolsVersion="4.0" xmlns="http://schemas.microsoft.com/developer/msbuild/2003">
  <ItemGroup>
    <ClInclude Include="Game.h" />
    <ClInclude Include="MainWindow.h" />
    <ClInclude Include="Components\CameraControls.h">
      <Filter>Components</Filter>
    </ClInclude>
    <ClInclude Include="Components\Grid.h">
      <Filter>Components</Filter>
    </ClInclude>
    <ClInclude Include="Components\Hex.h">
      <Filter>Components</Filter>
    </ClInclude>
    <ClInclude Include="Components\SaveDB.h">
      <Filter>Components</Filter>
    </ClInclude>
    <ClInclude Include="Components\PrefsDB.h">
      <Filter>Components</Filter>
    </ClInclude>
    <ClInclude Include="Components\GameStateController.h">
      <Filter>Components</Filter>
    </ClInclude>
  </ItemGroup>
  <ItemGroup>
    <ClCompile Include="Main.cpp" />
    <ClCompile Include="MainWindow.cpp" />
    <ClCompile Include="Components\CameraControls.cpp">
      <Filter>Components</Filter>
    </ClCompile>
    <ClCompile Include="Components\Grid.cpp">
      <Filter>Components</Filter>
    </ClCompile>
    <ClCompile Include="Components\Hex.cpp">
      <Filter>Components</Filter>
    </ClCompile>
    <ClCompile Include="Components\SaveDB.cpp">
      <Filter>Components</Filter>
    </ClCompile>
    <ClCompile Include="Components\PrefsDB.cpp">
      <Filter>Components</Filter>
    </ClCompile>
    <ClCompile Include="Components\GameStateController.cpp">
      <Filter>Components</Filter>
    </ClCompile>
  </ItemGroup>
  <ItemGroup>
    <Filter Include="Components">
      <UniqueIdentifier>{58affa36-fec0-41f5-a9f8-ae8674d1cc7d}</UniqueIdentifier>
    </Filter>
  </ItemGroup>
</Project>