<?xml version="1.0" encoding="utf-8"?>
<Project ToolsVersion="4.0" xmlns="http://schemas.microsoft.com/developer/msbuild/2003">
  <ItemGroup>
    <ClCompile Include="Main.cpp" />
    <ClCompile Include="MainWindow.cpp" />
    <ClCompile Include="Hex.cpp" />
    <ClCompile Include="Grid.cpp" />
  </ItemGroup>
  <ItemGroup>
    <ClInclude Include="MainWindow.h" />
    <ClInclude Include="Editor.h" />
    <ClInclude Include="Hex.h" />
    <ClInclude Include="Grid.h" />
  </ItemGroup>
</Project>